
Microsoft Visual Studio Solution File, Format Version 12.00
# Visual Studio Version 17
VisualStudioVersion = 17.0.31903.59
MinimumVisualStudioVersion = 10.0.40219.1
Project("{2150E333-8FDC-42A3-9474-1A3956D46DE8}") = "src", "src", "{827E0CD3-B72D-47B6-A68D-7590B98EB39B}"
EndProject
Project("{FAE04EC0-301F-11D3-BF4B-00C04F79EFBC}") = "Sorts", "src\Sorts\Sorts.csproj", "{8DE524C5-BB3F-4412-AF11-BB9097FDABAA}"
EndProject
Project("{2150E333-8FDC-42A3-9474-1A3956D46DE8}") = "tests", "tests", "{0AB3BF05-4346-4AA6-1389-037BE0695223}"
EndProject
Project("{FAE04EC0-301F-11D3-BF4B-00C04F79EFBC}") = "Sorts.TestData", "tests\Sorts.TestData\Sorts.TestData.csproj", "{1120DA55-A233-495F-9AE2-27F0861933AB}"
EndProject
Project("{FAE04EC0-301F-11D3-BF4B-00C04F79EFBC}") = "Sorts.Tests", "tests\Sorts.Tests\Sorts.Tests.csproj", "{700E498D-164E-4563-84A2-6E44AF51733B}"
EndProject
Project("{2150E333-8FDC-42A3-9474-1A3956D46DE8}") = "benchmarks", "benchmarks", "{66320409-64EC-F7C5-3DEF-65E7510DAAD1}"
EndProject
Project("{FAE04EC0-301F-11D3-BF4B-00C04F79EFBC}") = "Sorts.Benchmarks", "benchmarks\Sorts.Benchmarks\Sorts.Benchmarks.csproj", "{020C8484-9E11-48CF-844D-D00FE485DC97}"
EndProject
Global
	GlobalSection(SolutionConfigurationPlatforms) = preSolution
		Debug|Any CPU = Debug|Any CPU
		Debug|x64 = Debug|x64
		Debug|x86 = Debug|x86
		Release|Any CPU = Release|Any CPU
		Release|x64 = Release|x64
		Release|x86 = Release|x86
	EndGlobalSection
	GlobalSection(ProjectConfigurationPlatforms) = postSolution
		{8DE524C5-BB3F-4412-AF11-BB9097FDABAA}.Debug|Any CPU.ActiveCfg = Debug|Any CPU
		{8DE524C5-BB3F-4412-AF11-BB9097FDABAA}.Debug|Any CPU.Build.0 = Debug|Any CPU
		{8DE524C5-BB3F-4412-AF11-BB9097FDABAA}.Debug|x64.ActiveCfg = Debug|Any CPU
		{8DE524C5-BB3F-4412-AF11-BB9097FDABAA}.Debug|x64.Build.0 = Debug|Any CPU
		{8DE524C5-BB3F-4412-AF11-BB9097FDABAA}.Debug|x86.ActiveCfg = Debug|Any CPU
		{8DE524C5-BB3F-4412-AF11-BB9097FDABAA}.Debug|x86.Build.0 = Debug|Any CPU
		{8DE524C5-BB3F-4412-AF11-BB9097FDABAA}.Release|Any CPU.ActiveCfg = Release|Any CPU
		{8DE524C5-BB3F-4412-AF11-BB9097FDABAA}.Release|Any CPU.Build.0 = Release|Any CPU
		{8DE524C5-BB3F-4412-AF11-BB9097FDABAA}.Release|x64.ActiveCfg = Release|Any CPU
		{8DE524C5-BB3F-4412-AF11-BB9097FDABAA}.Release|x64.Build.0 = Release|Any CPU
		{8DE524C5-BB3F-4412-AF11-BB9097FDABAA}.Release|x86.ActiveCfg = Release|Any CPU
		{8DE524C5-BB3F-4412-AF11-BB9097FDABAA}.Release|x86.Build.0 = Release|Any CPU
		{1120DA55-A233-495F-9AE2-27F0861933AB}.Debug|Any CPU.ActiveCfg = Debug|Any CPU
		{1120DA55-A233-495F-9AE2-27F0861933AB}.Debug|Any CPU.Build.0 = Debug|Any CPU
		{1120DA55-A233-495F-9AE2-27F0861933AB}.Debug|x64.ActiveCfg = Debug|Any CPU
		{1120DA55-A233-495F-9AE2-27F0861933AB}.Debug|x64.Build.0 = Debug|Any CPU
		{1120DA55-A233-495F-9AE2-27F0861933AB}.Debug|x86.ActiveCfg = Debug|Any CPU
		{1120DA55-A233-495F-9AE2-27F0861933AB}.Debug|x86.Build.0 = Debug|Any CPU
		{1120DA55-A233-495F-9AE2-27F0861933AB}.Release|Any CPU.ActiveCfg = Release|Any CPU
		{1120DA55-A233-495F-9AE2-27F0861933AB}.Release|Any CPU.Build.0 = Release|Any CPU
		{1120DA55-A233-495F-9AE2-27F0861933AB}.Release|x64.ActiveCfg = Release|Any CPU
		{1120DA55-A233-495F-9AE2-27F0861933AB}.Release|x64.Build.0 = Release|Any CPU
		{1120DA55-A233-495F-9AE2-27F0861933AB}.Release|x86.ActiveCfg = Release|Any CPU
		{1120DA55-A233-495F-9AE2-27F0861933AB}.Release|x86.Build.0 = Release|Any CPU
		{700E498D-164E-4563-84A2-6E44AF51733B}.Debug|Any CPU.ActiveCfg = Debug|Any CPU
		{700E498D-164E-4563-84A2-6E44AF51733B}.Debug|Any CPU.Build.0 = Debug|Any CPU
		{700E498D-164E-4563-84A2-6E44AF51733B}.Debug|x64.ActiveCfg = Debug|Any CPU
		{700E498D-164E-4563-84A2-6E44AF51733B}.Debug|x64.Build.0 = Debug|Any CPU
		{700E498D-164E-4563-84A2-6E44AF51733B}.Debug|x86.ActiveCfg = Debug|Any CPU
		{700E498D-164E-4563-84A2-6E44AF51733B}.Debug|x86.Build.0 = Debug|Any CPU
		{700E498D-164E-4563-84A2-6E44AF51733B}.Release|Any CPU.ActiveCfg = Release|Any CPU
		{700E498D-164E-4563-84A2-6E44AF51733B}.Release|Any CPU.Build.0 = Release|Any CPU
		{700E498D-164E-4563-84A2-6E44AF51733B}.Release|x64.ActiveCfg = Release|Any CPU
		{700E498D-164E-4563-84A2-6E44AF51733B}.Release|x64.Build.0 = Release|Any CPU
		{700E498D-164E-4563-84A2-6E44AF51733B}.Release|x86.ActiveCfg = Release|Any CPU
		{700E498D-164E-4563-84A2-6E44AF51733B}.Release|x86.Build.0 = Release|Any CPU
		{020C8484-9E11-48CF-844D-D00FE485DC97}.Debug|Any CPU.ActiveCfg = Debug|Any CPU
		{020C8484-9E11-48CF-844D-D00FE485DC97}.Debug|Any CPU.Build.0 = Debug|Any CPU
		{020C8484-9E11-48CF-844D-D00FE485DC97}.Debug|x64.ActiveCfg = Debug|Any CPU
		{020C8484-9E11-48CF-844D-D00FE485DC97}.Debug|x64.Build.0 = Debug|Any CPU
		{020C8484-9E11-48CF-844D-D00FE485DC97}.Debug|x86.ActiveCfg = Debug|Any CPU
		{020C8484-9E11-48CF-844D-D00FE485DC97}.Debug|x86.Build.0 = Debug|Any CPU
		{020C8484-9E11-48CF-844D-D00FE485DC97}.Release|Any CPU.ActiveCfg = Release|Any CPU
		{020C8484-9E11-48CF-844D-D00FE485DC97}.Release|Any CPU.Build.0 = Release|Any CPU
		{020C8484-9E11-48CF-844D-D00FE485DC97}.Release|x64.ActiveCfg = Release|Any CPU
		{020C8484-9E11-48CF-844D-D00FE485DC97}.Release|x64.Build.0 = Release|Any CPU
		{020C8484-9E11-48CF-844D-D00FE485DC97}.Release|x86.ActiveCfg = Release|Any CPU
		{020C8484-9E11-48CF-844D-D00FE485DC97}.Release|x86.Build.0 = Release|Any CPU
	EndGlobalSection
	GlobalSection(SolutionProperties) = preSolution
		HideSolutionNode = FALSE
	EndGlobalSection
	GlobalSection(NestedProjects) = preSolution
		{8DE524C5-BB3F-4412-AF11-BB9097FDABAA} = {827E0CD3-B72D-47B6-A68D-7590B98EB39B}
		{1120DA55-A233-495F-9AE2-27F0861933AB} = {0AB3BF05-4346-4AA6-1389-037BE0695223}
		{700E498D-164E-4563-84A2-6E44AF51733B} = {0AB3BF05-4346-4AA6-1389-037BE0695223}
		{020C8484-9E11-48CF-844D-D00FE485DC97} = {66320409-64EC-F7C5-3DEF-65E7510DAAD1}
	EndGlobalSection
EndGlobal
